// !$*UTF8*$!
{
	archiveVersion = 1;
	classes = {
	};
	objectVersion = 46;
	objects = {

/* Begin PBXBuildFile section */
		4C216B0E1E521EF2003FB257 /* ProductCategoryTableViewCell.swift in Sources */ = {isa = PBXBuildFile; fileRef = 4C216B0D1E521EF2003FB257 /* ProductCategoryTableViewCell.swift */; };
		4C216B211E521F04003FB257 /* ShowCaseCollectionViewCell.swift in Sources */ = {isa = PBXBuildFile; fileRef = 4C216B0F1E521F04003FB257 /* ShowCaseCollectionViewCell.swift */; };
		4C216B221E521F04003FB257 /* ShowCaseCollectionViewCell.xib in Resources */ = {isa = PBXBuildFile; fileRef = 4C216B101E521F04003FB257 /* ShowCaseCollectionViewCell.xib */; };
		4C216B231E521F04003FB257 /* HeaderTitleSecondTypeTableViewCell.swift in Sources */ = {isa = PBXBuildFile; fileRef = 4C216B111E521F04003FB257 /* HeaderTitleSecondTypeTableViewCell.swift */; };
		4C216B241E521F04003FB257 /* HeaderTitleSecondTypeTableViewCell.xib in Resources */ = {isa = PBXBuildFile; fileRef = 4C216B121E521F04003FB257 /* HeaderTitleSecondTypeTableViewCell.xib */; };
		4C216B251E521F04003FB257 /* HeaderTitleTableViewCell.swift in Sources */ = {isa = PBXBuildFile; fileRef = 4C216B131E521F04003FB257 /* HeaderTitleTableViewCell.swift */; };
		4C216B261E521F04003FB257 /* HeaderTitleTableViewCell.xib in Resources */ = {isa = PBXBuildFile; fileRef = 4C216B141E521F04003FB257 /* HeaderTitleTableViewCell.xib */; };
		4C216B271E521F04003FB257 /* ShowCaseBrandTableViewCell.swift in Sources */ = {isa = PBXBuildFile; fileRef = 4C216B151E521F04003FB257 /* ShowCaseBrandTableViewCell.swift */; };
		4C216B281E521F04003FB257 /* ShowCaseBrandTableViewCell.xib in Resources */ = {isa = PBXBuildFile; fileRef = 4C216B161E521F04003FB257 /* ShowCaseBrandTableViewCell.xib */; };
		4C216B291E521F04003FB257 /* TagView.xib in Resources */ = {isa = PBXBuildFile; fileRef = 4C216B171E521F04003FB257 /* TagView.xib */; };
		4C216B2A1E521F04003FB257 /* TagView2.swift in Sources */ = {isa = PBXBuildFile; fileRef = 4C216B181E521F04003FB257 /* TagView2.swift */; };
		4C216B2B1E521F04003FB257 /* TagView2.xib in Resources */ = {isa = PBXBuildFile; fileRef = 4C216B191E521F04003FB257 /* TagView2.xib */; };
		4C216B2C1E521F04003FB257 /* TagView3.swift in Sources */ = {isa = PBXBuildFile; fileRef = 4C216B1A1E521F04003FB257 /* TagView3.swift */; };
		4C216B2D1E521F04003FB257 /* TagView3.xib in Resources */ = {isa = PBXBuildFile; fileRef = 4C216B1B1E521F04003FB257 /* TagView3.xib */; };
		4C216B2E1E521F04003FB257 /* TagView4.swift in Sources */ = {isa = PBXBuildFile; fileRef = 4C216B1C1E521F04003FB257 /* TagView4.swift */; };
		4C216B2F1E521F04003FB257 /* TagView4.xib in Resources */ = {isa = PBXBuildFile; fileRef = 4C216B1D1E521F04003FB257 /* TagView4.xib */; };
		4C216B301E521F04003FB257 /* TagView5.swift in Sources */ = {isa = PBXBuildFile; fileRef = 4C216B1E1E521F04003FB257 /* TagView5.swift */; };
		4C216B311E521F04003FB257 /* TagView5.xib in Resources */ = {isa = PBXBuildFile; fileRef = 4C216B1F1E521F04003FB257 /* TagView5.xib */; };
		4C216B321E521F04003FB257 /* TagView.swift in Sources */ = {isa = PBXBuildFile; fileRef = 4C216B201E521F04003FB257 /* TagView.swift */; };
		4C5EC9521E54E38B00B28C61 /* CategoryProductsViewController.swift in Sources */ = {isa = PBXBuildFile; fileRef = 4C5EC9511E54E38B00B28C61 /* CategoryProductsViewController.swift */; };
		4C5EC9541E54E67000B28C61 /* ProductCollectionViewCell.xib in Resources */ = {isa = PBXBuildFile; fileRef = 4C5EC9531E54E67000B28C61 /* ProductCollectionViewCell.xib */; };
		4C5EC9561E54EFE800B28C61 /* ProductCollectionViewCell.swift in Sources */ = {isa = PBXBuildFile; fileRef = 4C5EC9551E54EFE800B28C61 /* ProductCollectionViewCell.swift */; };
		4C5EC9581E54FB0200B28C61 /* String+CharacterSpacing.swift in Sources */ = {isa = PBXBuildFile; fileRef = 4C5EC9571E54FB0200B28C61 /* String+CharacterSpacing.swift */; };
		4CAA91741E54D3330030AE90 /* Constants.swift in Sources */ = {isa = PBXBuildFile; fileRef = 4CAA91731E54D3330030AE90 /* Constants.swift */; };
		4CCE867D1E4CE9370001DA73 /* Main.storyboard in Resources */ = {isa = PBXBuildFile; fileRef = 4CCE867C1E4CE9370001DA73 /* Main.storyboard */; };
		4CCE86AD1E4CEFF50001DA73 /* CenterCellCollectionViewFlowLayout.swift in Sources */ = {isa = PBXBuildFile; fileRef = 4CCE86AA1E4CEFF50001DA73 /* CenterCellCollectionViewFlowLayout.swift */; };
		4CCE86AE1E4CEFF50001DA73 /* ScaledVisibleCellsCollectionView.swift in Sources */ = {isa = PBXBuildFile; fileRef = 4CCE86AC1E4CEFF50001DA73 /* ScaledVisibleCellsCollectionView.swift */; };
		4CE942B11E536AB2005E1B0C /* ClosetTableViewCell.swift in Sources */ = {isa = PBXBuildFile; fileRef = 4CE942B01E536AB2005E1B0C /* ClosetTableViewCell.swift */; };
		4EE890349CF141E54F460029 /* Pods_OhMyBoxSellersIosTests.framework in Frameworks */ = {isa = PBXBuildFile; fileRef = 6115D89A9D141691FD587E70 /* Pods_OhMyBoxSellersIosTests.framework */; };
		A40A25181DCB5C2C00DF9523 /* UIView+IBInspector.swift in Sources */ = {isa = PBXBuildFile; fileRef = A40A25171DCB5C2C00DF9523 /* UIView+IBInspector.swift */; };
		A40A251A1DCB681A00DF9523 /* UIView+Animations.swift in Sources */ = {isa = PBXBuildFile; fileRef = A40A25191DCB681A00DF9523 /* UIView+Animations.swift */; };
		A40A252B1DCBD4C000DF9523 /* HomeMainViewController.swift in Sources */ = {isa = PBXBuildFile; fileRef = A40A252A1DCBD4C000DF9523 /* HomeMainViewController.swift */; };
		A41836A11DE8D054007ECEDD /* User.swift in Sources */ = {isa = PBXBuildFile; fileRef = A41836A01DE8D054007ECEDD /* User.swift */; };
		A41836A31DE8D067007ECEDD /* Brand.swift in Sources */ = {isa = PBXBuildFile; fileRef = A41836A21DE8D067007ECEDD /* Brand.swift */; };
		A427680C1DD3A09D00363343 /* UIColorExtension.swift in Sources */ = {isa = PBXBuildFile; fileRef = A427680B1DD3A09D00363343 /* UIColorExtension.swift */; };
		A4422AD81DED03E300A2593B /* CreateAccountViewController.swift in Sources */ = {isa = PBXBuildFile; fileRef = A4422AD71DED03E300A2593B /* CreateAccountViewController.swift */; };
		A44967761DDA300100990008 /* DefaultsHelper.swift in Sources */ = {isa = PBXBuildFile; fileRef = A44967751DDA300100990008 /* DefaultsHelper.swift */; };
		A44D00C61DE71EDE001571E2 /* AuthenticationContainerViewController.swift in Sources */ = {isa = PBXBuildFile; fileRef = A44D00C51DE71EDE001571E2 /* AuthenticationContainerViewController.swift */; };
		A44D00C91DE73448001571E2 /* SignUpHeaderCell.swift in Sources */ = {isa = PBXBuildFile; fileRef = A44D00C81DE73448001571E2 /* SignUpHeaderCell.swift */; };
		A44D00CB1DE7345C001571E2 /* SignUpFieldCell.swift in Sources */ = {isa = PBXBuildFile; fileRef = A44D00CA1DE7345C001571E2 /* SignUpFieldCell.swift */; };
		A44D00CE1DE73978001571E2 /* TextInputScrollView.swift in Sources */ = {isa = PBXBuildFile; fileRef = A44D00CC1DE73978001571E2 /* TextInputScrollView.swift */; };
		A44D00CF1DE73978001571E2 /* UITextField+NextResponder.swift in Sources */ = {isa = PBXBuildFile; fileRef = A44D00CD1DE73978001571E2 /* UITextField+NextResponder.swift */; };
		A44D00D11DE73ED8001571E2 /* TextInputTableView.swift in Sources */ = {isa = PBXBuildFile; fileRef = A44D00D01DE73ED8001571E2 /* TextInputTableView.swift */; };
		A44D00D31DE7F285001571E2 /* FormFieldFooterActionCell.swift in Sources */ = {isa = PBXBuildFile; fileRef = A44D00D21DE7F285001571E2 /* FormFieldFooterActionCell.swift */; };
		A45A55901DED3DDE0088C39A /* GoogleService-Info.plist in Resources */ = {isa = PBXBuildFile; fileRef = A45A558F1DED3DDE0088C39A /* GoogleService-Info.plist */; };
		A45A55931DEE15A70088C39A /* ImageStorage.swift in Sources */ = {isa = PBXBuildFile; fileRef = A45A55921DEE15A70088C39A /* ImageStorage.swift */; };
		A45A55961DEE5B770088C39A /* UIImageViewWithPicker.swift in Sources */ = {isa = PBXBuildFile; fileRef = A45A55951DEE5B770088C39A /* UIImageViewWithPicker.swift */; };
		A489B1F71DDA7D1100B239D5 /* Authentication.storyboard in Resources */ = {isa = PBXBuildFile; fileRef = A489B1F61DDA7D1100B239D5 /* Authentication.storyboard */; };
		A4AFBB021DD272A700F270C7 /* UIApplication+Navigation.swift in Sources */ = {isa = PBXBuildFile; fileRef = A4AFBB011DD272A700F270C7 /* UIApplication+Navigation.swift */; };
		A4AFBB0D1DD35D4600F270C7 /* Colors.swift in Sources */ = {isa = PBXBuildFile; fileRef = A4AFBB0C1DD35D4600F270C7 /* Colors.swift */; };
		A4CB02671DD261B200B01A6B /* IconNavigationBar.xib in Resources */ = {isa = PBXBuildFile; fileRef = A4CB02661DD261B200B01A6B /* IconNavigationBar.xib */; };
		A4CB02691DD261D900B01A6B /* IconNavigationBar.swift in Sources */ = {isa = PBXBuildFile; fileRef = A4CB02681DD261D900B01A6B /* IconNavigationBar.swift */; };
		A4D5DA231DDEBC7900EB9EC5 /* URLS.swift in Sources */ = {isa = PBXBuildFile; fileRef = A4D5DA221DDEBC7900EB9EC5 /* URLS.swift */; };
		A4D8254C1DE3CECB00A11B56 /* OFL.txt in Resources */ = {isa = PBXBuildFile; fileRef = A4D825461DE3CECB00A11B56 /* OFL.txt */; };
		A4D8254D1DE3CECB00A11B56 /* Poppins-Bold.ttf in Resources */ = {isa = PBXBuildFile; fileRef = A4D825471DE3CECB00A11B56 /* Poppins-Bold.ttf */; };
		A4D8254E1DE3CECB00A11B56 /* Poppins-Light.ttf in Resources */ = {isa = PBXBuildFile; fileRef = A4D825481DE3CECB00A11B56 /* Poppins-Light.ttf */; };
		A4D8254F1DE3CECB00A11B56 /* Poppins-Medium.ttf in Resources */ = {isa = PBXBuildFile; fileRef = A4D825491DE3CECB00A11B56 /* Poppins-Medium.ttf */; };
		A4D825501DE3CECB00A11B56 /* Poppins-Regular.ttf in Resources */ = {isa = PBXBuildFile; fileRef = A4D8254A1DE3CECB00A11B56 /* Poppins-Regular.ttf */; };
		A4D825511DE3CECB00A11B56 /* Poppins-SemiBold.ttf in Resources */ = {isa = PBXBuildFile; fileRef = A4D8254B1DE3CECB00A11B56 /* Poppins-SemiBold.ttf */; };
		A4D825571DE3CFA900A11B56 /* Axis Extrabold.otf in Resources */ = {isa = PBXBuildFile; fileRef = A4D825531DE3CFA900A11B56 /* Axis Extrabold.otf */; };
		A4D825581DE3CFA900A11B56 /* Muli-Light.ttf in Resources */ = {isa = PBXBuildFile; fileRef = A4D825551DE3CFA900A11B56 /* Muli-Light.ttf */; };
		A4D825591DE3CFA900A11B56 /* Muli-Regular.ttf in Resources */ = {isa = PBXBuildFile; fileRef = A4D825561DE3CFA900A11B56 /* Muli-Regular.ttf */; };
		A4D8255C1DE3D05100A11B56 /* CreateBrandViewController.swift in Sources */ = {isa = PBXBuildFile; fileRef = A4D8255A1DE3D05100A11B56 /* CreateBrandViewController.swift */; };
		A4D8255D1DE3D05100A11B56 /* LoginViewController.swift in Sources */ = {isa = PBXBuildFile; fileRef = A4D8255B1DE3D05100A11B56 /* LoginViewController.swift */; };
		A4D825621DE3D11400A11B56 /* Bolts.framework in Frameworks */ = {isa = PBXBuildFile; fileRef = A4D8255E1DE3D11400A11B56 /* Bolts.framework */; };
		A4D825631DE3D11400A11B56 /* FBSDKCoreKit.framework in Frameworks */ = {isa = PBXBuildFile; fileRef = A4D8255F1DE3D11400A11B56 /* FBSDKCoreKit.framework */; };
		A4D825641DE3D11400A11B56 /* FBSDKLoginKit.framework in Frameworks */ = {isa = PBXBuildFile; fileRef = A4D825601DE3D11400A11B56 /* FBSDKLoginKit.framework */; };
		A4D825651DE3D11400A11B56 /* FBSDKShareKit.framework in Frameworks */ = {isa = PBXBuildFile; fileRef = A4D825611DE3D11400A11B56 /* FBSDKShareKit.framework */; };
		A4D825671DE3D29900A11B56 /* ViewUtil.swift in Sources */ = {isa = PBXBuildFile; fileRef = A4D825661DE3D29900A11B56 /* ViewUtil.swift */; };
		A4D8256A1DE3D3DC00A11B56 /* Assets.xcassets in Resources */ = {isa = PBXBuildFile; fileRef = A4D825691DE3D3DC00A11B56 /* Assets.xcassets */; };
		A4E462FD1DCAEAF800A611C0 /* Home.storyboard in Resources */ = {isa = PBXBuildFile; fileRef = A4E462FC1DCAEAF800A611C0 /* Home.storyboard */; };
		A4F89B2A1DA809B100949A35 /* AppDelegate.swift in Sources */ = {isa = PBXBuildFile; fileRef = A4F89B291DA809B100949A35 /* AppDelegate.swift */; };
		A4F89B341DA809B100949A35 /* LaunchScreen.storyboard in Resources */ = {isa = PBXBuildFile; fileRef = A4F89B321DA809B100949A35 /* LaunchScreen.storyboard */; };
		A4F89B3F1DA809B100949A35 /* OhMyBoxSellersIosTests.swift in Sources */ = {isa = PBXBuildFile; fileRef = A4F89B3E1DA809B100949A35 /* OhMyBoxSellersIosTests.swift */; };
		A4FE063B1DD0A13E00BFDC4D /* Dictionary+Indexable.swift in Sources */ = {isa = PBXBuildFile; fileRef = A4FE063A1DD0A13E00BFDC4D /* Dictionary+Indexable.swift */; };
		A898074A99F6F63D95B3E6A0 /* Pods_OhMyBoxSellersIos.framework in Frameworks */ = {isa = PBXBuildFile; fileRef = 4740BB8B9F69EC21C95B9451 /* Pods_OhMyBoxSellersIos.framework */; };
/* End PBXBuildFile section */

/* Begin PBXContainerItemProxy section */
		A4F89B3B1DA809B100949A35 /* PBXContainerItemProxy */ = {
			isa = PBXContainerItemProxy;
			containerPortal = A4F89B1E1DA809B100949A35 /* Project object */;
			proxyType = 1;
			remoteGlobalIDString = A4F89B251DA809B100949A35;
			remoteInfo = OhMyBoxSellersIos;
		};
/* End PBXContainerItemProxy section */

/* Begin PBXFileReference section */
		3F07268A3E6B9CC51F50285A /* Pods-OhMyBoxSellersIosTests.release.xcconfig */ = {isa = PBXFileReference; includeInIndex = 1; lastKnownFileType = text.xcconfig; name = "Pods-OhMyBoxSellersIosTests.release.xcconfig"; path = "Pods/Target Support Files/Pods-OhMyBoxSellersIosTests/Pods-OhMyBoxSellersIosTests.release.xcconfig"; sourceTree = "<group>"; };
		4740BB8B9F69EC21C95B9451 /* Pods_OhMyBoxSellersIos.framework */ = {isa = PBXFileReference; explicitFileType = wrapper.framework; includeInIndex = 0; path = Pods_OhMyBoxSellersIos.framework; sourceTree = BUILT_PRODUCTS_DIR; };
		4C216B0D1E521EF2003FB257 /* ProductCategoryTableViewCell.swift */ = {isa = PBXFileReference; fileEncoding = 4; lastKnownFileType = sourcecode.swift; path = ProductCategoryTableViewCell.swift; sourceTree = "<group>"; };
		4C216B0F1E521F04003FB257 /* ShowCaseCollectionViewCell.swift */ = {isa = PBXFileReference; fileEncoding = 4; lastKnownFileType = sourcecode.swift; path = ShowCaseCollectionViewCell.swift; sourceTree = "<group>"; };
		4C216B101E521F04003FB257 /* ShowCaseCollectionViewCell.xib */ = {isa = PBXFileReference; fileEncoding = 4; lastKnownFileType = file.xib; path = ShowCaseCollectionViewCell.xib; sourceTree = "<group>"; };
		4C216B111E521F04003FB257 /* HeaderTitleSecondTypeTableViewCell.swift */ = {isa = PBXFileReference; fileEncoding = 4; lastKnownFileType = sourcecode.swift; path = HeaderTitleSecondTypeTableViewCell.swift; sourceTree = "<group>"; };
		4C216B121E521F04003FB257 /* HeaderTitleSecondTypeTableViewCell.xib */ = {isa = PBXFileReference; fileEncoding = 4; lastKnownFileType = file.xib; path = HeaderTitleSecondTypeTableViewCell.xib; sourceTree = "<group>"; };
		4C216B131E521F04003FB257 /* HeaderTitleTableViewCell.swift */ = {isa = PBXFileReference; fileEncoding = 4; lastKnownFileType = sourcecode.swift; path = HeaderTitleTableViewCell.swift; sourceTree = "<group>"; };
		4C216B141E521F04003FB257 /* HeaderTitleTableViewCell.xib */ = {isa = PBXFileReference; fileEncoding = 4; lastKnownFileType = file.xib; path = HeaderTitleTableViewCell.xib; sourceTree = "<group>"; };
		4C216B151E521F04003FB257 /* ShowCaseBrandTableViewCell.swift */ = {isa = PBXFileReference; fileEncoding = 4; lastKnownFileType = sourcecode.swift; path = ShowCaseBrandTableViewCell.swift; sourceTree = "<group>"; };
		4C216B161E521F04003FB257 /* ShowCaseBrandTableViewCell.xib */ = {isa = PBXFileReference; fileEncoding = 4; lastKnownFileType = file.xib; path = ShowCaseBrandTableViewCell.xib; sourceTree = "<group>"; };
		4C216B171E521F04003FB257 /* TagView.xib */ = {isa = PBXFileReference; fileEncoding = 4; lastKnownFileType = file.xib; path = TagView.xib; sourceTree = "<group>"; };
		4C216B181E521F04003FB257 /* TagView2.swift */ = {isa = PBXFileReference; fileEncoding = 4; lastKnownFileType = sourcecode.swift; path = TagView2.swift; sourceTree = "<group>"; };
		4C216B191E521F04003FB257 /* TagView2.xib */ = {isa = PBXFileReference; fileEncoding = 4; lastKnownFileType = file.xib; path = TagView2.xib; sourceTree = "<group>"; };
		4C216B1A1E521F04003FB257 /* TagView3.swift */ = {isa = PBXFileReference; fileEncoding = 4; lastKnownFileType = sourcecode.swift; path = TagView3.swift; sourceTree = "<group>"; };
		4C216B1B1E521F04003FB257 /* TagView3.xib */ = {isa = PBXFileReference; fileEncoding = 4; lastKnownFileType = file.xib; path = TagView3.xib; sourceTree = "<group>"; };
		4C216B1C1E521F04003FB257 /* TagView4.swift */ = {isa = PBXFileReference; fileEncoding = 4; lastKnownFileType = sourcecode.swift; path = TagView4.swift; sourceTree = "<group>"; };
		4C216B1D1E521F04003FB257 /* TagView4.xib */ = {isa = PBXFileReference; fileEncoding = 4; lastKnownFileType = file.xib; path = TagView4.xib; sourceTree = "<group>"; };
		4C216B1E1E521F04003FB257 /* TagView5.swift */ = {isa = PBXFileReference; fileEncoding = 4; lastKnownFileType = sourcecode.swift; path = TagView5.swift; sourceTree = "<group>"; };
		4C216B1F1E521F04003FB257 /* TagView5.xib */ = {isa = PBXFileReference; fileEncoding = 4; lastKnownFileType = file.xib; path = TagView5.xib; sourceTree = "<group>"; };
		4C216B201E521F04003FB257 /* TagView.swift */ = {isa = PBXFileReference; fileEncoding = 4; lastKnownFileType = sourcecode.swift; path = TagView.swift; sourceTree = "<group>"; };
		4C5EC9511E54E38B00B28C61 /* CategoryProductsViewController.swift */ = {isa = PBXFileReference; fileEncoding = 4; lastKnownFileType = sourcecode.swift; path = CategoryProductsViewController.swift; sourceTree = "<group>"; };
		4C5EC9531E54E67000B28C61 /* ProductCollectionViewCell.xib */ = {isa = PBXFileReference; fileEncoding = 4; lastKnownFileType = file.xib; path = ProductCollectionViewCell.xib; sourceTree = "<group>"; };
		4C5EC9551E54EFE800B28C61 /* ProductCollectionViewCell.swift */ = {isa = PBXFileReference; fileEncoding = 4; lastKnownFileType = sourcecode.swift; path = ProductCollectionViewCell.swift; sourceTree = "<group>"; };
		4C5EC9571E54FB0200B28C61 /* String+CharacterSpacing.swift */ = {isa = PBXFileReference; fileEncoding = 4; lastKnownFileType = sourcecode.swift; path = "String+CharacterSpacing.swift"; sourceTree = "<group>"; };
		4CAA91731E54D3330030AE90 /* Constants.swift */ = {isa = PBXFileReference; fileEncoding = 4; lastKnownFileType = sourcecode.swift; path = Constants.swift; sourceTree = "<group>"; };
		4CCE867C1E4CE9370001DA73 /* Main.storyboard */ = {isa = PBXFileReference; fileEncoding = 4; lastKnownFileType = file.storyboard; name = Main.storyboard; path = ViewControllers/Main.storyboard; sourceTree = "<group>"; };
		4CCE86AA1E4CEFF50001DA73 /* CenterCellCollectionViewFlowLayout.swift */ = {isa = PBXFileReference; fileEncoding = 4; lastKnownFileType = sourcecode.swift; path = CenterCellCollectionViewFlowLayout.swift; sourceTree = "<group>"; };
		4CCE86AB1E4CEFF50001DA73 /* ScaledVisibleCellsCollectionView.h */ = {isa = PBXFileReference; fileEncoding = 4; lastKnownFileType = sourcecode.c.h; path = ScaledVisibleCellsCollectionView.h; sourceTree = "<group>"; };
		4CCE86AC1E4CEFF50001DA73 /* ScaledVisibleCellsCollectionView.swift */ = {isa = PBXFileReference; fileEncoding = 4; lastKnownFileType = sourcecode.swift; path = ScaledVisibleCellsCollectionView.swift; sourceTree = "<group>"; };
		4CE942B01E536AB2005E1B0C /* ClosetTableViewCell.swift */ = {isa = PBXFileReference; fileEncoding = 4; lastKnownFileType = sourcecode.swift; path = ClosetTableViewCell.swift; sourceTree = "<group>"; };
		6115D89A9D141691FD587E70 /* Pods_OhMyBoxSellersIosTests.framework */ = {isa = PBXFileReference; explicitFileType = wrapper.framework; includeInIndex = 0; path = Pods_OhMyBoxSellersIosTests.framework; sourceTree = BUILT_PRODUCTS_DIR; };
		66A6951243DC0AB8AA5FFBAD /* Pods-OhMyBoxSellersIosTests.debug.xcconfig */ = {isa = PBXFileReference; includeInIndex = 1; lastKnownFileType = text.xcconfig; name = "Pods-OhMyBoxSellersIosTests.debug.xcconfig"; path = "Pods/Target Support Files/Pods-OhMyBoxSellersIosTests/Pods-OhMyBoxSellersIosTests.debug.xcconfig"; sourceTree = "<group>"; };
		8649FC11B60E4ADD22B76989 /* Pods-OhMyBoxSellersIos.release.xcconfig */ = {isa = PBXFileReference; includeInIndex = 1; lastKnownFileType = text.xcconfig; name = "Pods-OhMyBoxSellersIos.release.xcconfig"; path = "Pods/Target Support Files/Pods-OhMyBoxSellersIos/Pods-OhMyBoxSellersIos.release.xcconfig"; sourceTree = "<group>"; };
		96823E7B18D94C4C17A636C7 /* Pods-OhMyBoxSellersIos.debug.xcconfig */ = {isa = PBXFileReference; includeInIndex = 1; lastKnownFileType = text.xcconfig; name = "Pods-OhMyBoxSellersIos.debug.xcconfig"; path = "Pods/Target Support Files/Pods-OhMyBoxSellersIos/Pods-OhMyBoxSellersIos.debug.xcconfig"; sourceTree = "<group>"; };
		A40A25171DCB5C2C00DF9523 /* UIView+IBInspector.swift */ = {isa = PBXFileReference; fileEncoding = 4; lastKnownFileType = sourcecode.swift; path = "UIView+IBInspector.swift"; sourceTree = "<group>"; };
		A40A25191DCB681A00DF9523 /* UIView+Animations.swift */ = {isa = PBXFileReference; fileEncoding = 4; lastKnownFileType = sourcecode.swift; path = "UIView+Animations.swift"; sourceTree = "<group>"; };
		A40A252A1DCBD4C000DF9523 /* HomeMainViewController.swift */ = {isa = PBXFileReference; fileEncoding = 4; lastKnownFileType = sourcecode.swift; path = HomeMainViewController.swift; sourceTree = "<group>"; };
		A41836A01DE8D054007ECEDD /* User.swift */ = {isa = PBXFileReference; fileEncoding = 4; lastKnownFileType = sourcecode.swift; path = User.swift; sourceTree = "<group>"; };
		A41836A21DE8D067007ECEDD /* Brand.swift */ = {isa = PBXFileReference; fileEncoding = 4; lastKnownFileType = sourcecode.swift; path = Brand.swift; sourceTree = "<group>"; };
		A427680B1DD3A09D00363343 /* UIColorExtension.swift */ = {isa = PBXFileReference; fileEncoding = 4; lastKnownFileType = sourcecode.swift; path = UIColorExtension.swift; sourceTree = "<group>"; };
		A4422AD71DED03E300A2593B /* CreateAccountViewController.swift */ = {isa = PBXFileReference; fileEncoding = 4; lastKnownFileType = sourcecode.swift; path = CreateAccountViewController.swift; sourceTree = "<group>"; };
		A44967751DDA300100990008 /* DefaultsHelper.swift */ = {isa = PBXFileReference; fileEncoding = 4; lastKnownFileType = sourcecode.swift; path = DefaultsHelper.swift; sourceTree = "<group>"; };
		A44D00C51DE71EDE001571E2 /* AuthenticationContainerViewController.swift */ = {isa = PBXFileReference; fileEncoding = 4; lastKnownFileType = sourcecode.swift; path = AuthenticationContainerViewController.swift; sourceTree = "<group>"; };
		A44D00C81DE73448001571E2 /* SignUpHeaderCell.swift */ = {isa = PBXFileReference; fileEncoding = 4; lastKnownFileType = sourcecode.swift; path = SignUpHeaderCell.swift; sourceTree = "<group>"; };
		A44D00CA1DE7345C001571E2 /* SignUpFieldCell.swift */ = {isa = PBXFileReference; fileEncoding = 4; lastKnownFileType = sourcecode.swift; path = SignUpFieldCell.swift; sourceTree = "<group>"; };
		A44D00CC1DE73978001571E2 /* TextInputScrollView.swift */ = {isa = PBXFileReference; fileEncoding = 4; lastKnownFileType = sourcecode.swift; path = TextInputScrollView.swift; sourceTree = "<group>"; };
		A44D00CD1DE73978001571E2 /* UITextField+NextResponder.swift */ = {isa = PBXFileReference; fileEncoding = 4; lastKnownFileType = sourcecode.swift; path = "UITextField+NextResponder.swift"; sourceTree = "<group>"; };
		A44D00D01DE73ED8001571E2 /* TextInputTableView.swift */ = {isa = PBXFileReference; fileEncoding = 4; lastKnownFileType = sourcecode.swift; path = TextInputTableView.swift; sourceTree = "<group>"; };
		A44D00D21DE7F285001571E2 /* FormFieldFooterActionCell.swift */ = {isa = PBXFileReference; fileEncoding = 4; lastKnownFileType = sourcecode.swift; path = FormFieldFooterActionCell.swift; sourceTree = "<group>"; };
		A45A558F1DED3DDE0088C39A /* GoogleService-Info.plist */ = {isa = PBXFileReference; fileEncoding = 4; lastKnownFileType = text.plist.xml; path = "GoogleService-Info.plist"; sourceTree = "<group>"; };
		A45A55911DEE06A10088C39A /* OhMyBoxSellersIos.entitlements */ = {isa = PBXFileReference; lastKnownFileType = text.plist.entitlements; path = OhMyBoxSellersIos.entitlements; sourceTree = "<group>"; };
		A45A55921DEE15A70088C39A /* ImageStorage.swift */ = {isa = PBXFileReference; fileEncoding = 4; lastKnownFileType = sourcecode.swift; path = ImageStorage.swift; sourceTree = "<group>"; };
		A45A55951DEE5B770088C39A /* UIImageViewWithPicker.swift */ = {isa = PBXFileReference; fileEncoding = 4; lastKnownFileType = sourcecode.swift; path = UIImageViewWithPicker.swift; sourceTree = "<group>"; };
		A489B1F61DDA7D1100B239D5 /* Authentication.storyboard */ = {isa = PBXFileReference; fileEncoding = 4; lastKnownFileType = file.storyboard; path = Authentication.storyboard; sourceTree = "<group>"; };
		A4AFBB011DD272A700F270C7 /* UIApplication+Navigation.swift */ = {isa = PBXFileReference; fileEncoding = 4; lastKnownFileType = sourcecode.swift; path = "UIApplication+Navigation.swift"; sourceTree = "<group>"; };
		A4AFBB0C1DD35D4600F270C7 /* Colors.swift */ = {isa = PBXFileReference; fileEncoding = 4; lastKnownFileType = sourcecode.swift; path = Colors.swift; sourceTree = "<group>"; };
		A4CB02661DD261B200B01A6B /* IconNavigationBar.xib */ = {isa = PBXFileReference; fileEncoding = 4; lastKnownFileType = file.xib; path = IconNavigationBar.xib; sourceTree = "<group>"; };
		A4CB02681DD261D900B01A6B /* IconNavigationBar.swift */ = {isa = PBXFileReference; fileEncoding = 4; lastKnownFileType = sourcecode.swift; path = IconNavigationBar.swift; sourceTree = "<group>"; };
		A4D5DA221DDEBC7900EB9EC5 /* URLS.swift */ = {isa = PBXFileReference; fileEncoding = 4; lastKnownFileType = sourcecode.swift; path = URLS.swift; sourceTree = "<group>"; };
		A4D825461DE3CECB00A11B56 /* OFL.txt */ = {isa = PBXFileReference; fileEncoding = 4; lastKnownFileType = text; path = OFL.txt; sourceTree = "<group>"; };
		A4D825471DE3CECB00A11B56 /* Poppins-Bold.ttf */ = {isa = PBXFileReference; lastKnownFileType = file; path = "Poppins-Bold.ttf"; sourceTree = "<group>"; };
		A4D825481DE3CECB00A11B56 /* Poppins-Light.ttf */ = {isa = PBXFileReference; lastKnownFileType = file; path = "Poppins-Light.ttf"; sourceTree = "<group>"; };
		A4D825491DE3CECB00A11B56 /* Poppins-Medium.ttf */ = {isa = PBXFileReference; lastKnownFileType = file; path = "Poppins-Medium.ttf"; sourceTree = "<group>"; };
		A4D8254A1DE3CECB00A11B56 /* Poppins-Regular.ttf */ = {isa = PBXFileReference; lastKnownFileType = file; path = "Poppins-Regular.ttf"; sourceTree = "<group>"; };
		A4D8254B1DE3CECB00A11B56 /* Poppins-SemiBold.ttf */ = {isa = PBXFileReference; lastKnownFileType = file; path = "Poppins-SemiBold.ttf"; sourceTree = "<group>"; };
		A4D825531DE3CFA900A11B56 /* Axis Extrabold.otf */ = {isa = PBXFileReference; lastKnownFileType = file; path = "Axis Extrabold.otf"; sourceTree = "<group>"; };
		A4D825551DE3CFA900A11B56 /* Muli-Light.ttf */ = {isa = PBXFileReference; lastKnownFileType = file; path = "Muli-Light.ttf"; sourceTree = "<group>"; };
		A4D825561DE3CFA900A11B56 /* Muli-Regular.ttf */ = {isa = PBXFileReference; lastKnownFileType = file; path = "Muli-Regular.ttf"; sourceTree = "<group>"; };
		A4D8255A1DE3D05100A11B56 /* CreateBrandViewController.swift */ = {isa = PBXFileReference; fileEncoding = 4; lastKnownFileType = sourcecode.swift; path = CreateBrandViewController.swift; sourceTree = "<group>"; };
		A4D8255B1DE3D05100A11B56 /* LoginViewController.swift */ = {isa = PBXFileReference; fileEncoding = 4; lastKnownFileType = sourcecode.swift; path = LoginViewController.swift; sourceTree = "<group>"; };
		A4D8255E1DE3D11400A11B56 /* Bolts.framework */ = {isa = PBXFileReference; lastKnownFileType = wrapper.framework; path = Bolts.framework; sourceTree = "<group>"; };
		A4D8255F1DE3D11400A11B56 /* FBSDKCoreKit.framework */ = {isa = PBXFileReference; lastKnownFileType = wrapper.framework; path = FBSDKCoreKit.framework; sourceTree = "<group>"; };
		A4D825601DE3D11400A11B56 /* FBSDKLoginKit.framework */ = {isa = PBXFileReference; lastKnownFileType = wrapper.framework; path = FBSDKLoginKit.framework; sourceTree = "<group>"; };
		A4D825611DE3D11400A11B56 /* FBSDKShareKit.framework */ = {isa = PBXFileReference; lastKnownFileType = wrapper.framework; path = FBSDKShareKit.framework; sourceTree = "<group>"; };
		A4D825661DE3D29900A11B56 /* ViewUtil.swift */ = {isa = PBXFileReference; fileEncoding = 4; lastKnownFileType = sourcecode.swift; path = ViewUtil.swift; sourceTree = "<group>"; };
		A4D825691DE3D3DC00A11B56 /* Assets.xcassets */ = {isa = PBXFileReference; lastKnownFileType = folder.assetcatalog; path = Assets.xcassets; sourceTree = "<group>"; };
		A4E462FC1DCAEAF800A611C0 /* Home.storyboard */ = {isa = PBXFileReference; fileEncoding = 4; lastKnownFileType = file.storyboard; path = Home.storyboard; sourceTree = "<group>"; };
		A4F89B261DA809B100949A35 /* OhMyBoxSellersIos.app */ = {isa = PBXFileReference; explicitFileType = wrapper.application; includeInIndex = 0; path = OhMyBoxSellersIos.app; sourceTree = BUILT_PRODUCTS_DIR; };
		A4F89B291DA809B100949A35 /* AppDelegate.swift */ = {isa = PBXFileReference; lastKnownFileType = sourcecode.swift; path = AppDelegate.swift; sourceTree = "<group>"; };
		A4F89B331DA809B100949A35 /* Base */ = {isa = PBXFileReference; lastKnownFileType = file.storyboard; name = Base; path = Base.lproj/LaunchScreen.storyboard; sourceTree = "<group>"; };
		A4F89B351DA809B100949A35 /* Info.plist */ = {isa = PBXFileReference; lastKnownFileType = text.plist.xml; path = Info.plist; sourceTree = "<group>"; };
		A4F89B3A1DA809B100949A35 /* OhMyBoxSellersIosTests.xctest */ = {isa = PBXFileReference; explicitFileType = wrapper.cfbundle; includeInIndex = 0; path = OhMyBoxSellersIosTests.xctest; sourceTree = BUILT_PRODUCTS_DIR; };
		A4F89B3E1DA809B100949A35 /* OhMyBoxSellersIosTests.swift */ = {isa = PBXFileReference; lastKnownFileType = sourcecode.swift; path = OhMyBoxSellersIosTests.swift; sourceTree = "<group>"; };
		A4F89B401DA809B100949A35 /* Info.plist */ = {isa = PBXFileReference; lastKnownFileType = text.plist.xml; path = Info.plist; sourceTree = "<group>"; };
		A4FE063A1DD0A13E00BFDC4D /* Dictionary+Indexable.swift */ = {isa = PBXFileReference; fileEncoding = 4; lastKnownFileType = sourcecode.swift; path = "Dictionary+Indexable.swift"; sourceTree = "<group>"; };
/* End PBXFileReference section */

/* Begin PBXFrameworksBuildPhase section */
		A4F89B231DA809B100949A35 /* Frameworks */ = {
			isa = PBXFrameworksBuildPhase;
			buildActionMask = 2147483647;
			files = (
				A4D825631DE3D11400A11B56 /* FBSDKCoreKit.framework in Frameworks */,
				A4D825651DE3D11400A11B56 /* FBSDKShareKit.framework in Frameworks */,
				A4D825641DE3D11400A11B56 /* FBSDKLoginKit.framework in Frameworks */,
				A4D825621DE3D11400A11B56 /* Bolts.framework in Frameworks */,
				A898074A99F6F63D95B3E6A0 /* Pods_OhMyBoxSellersIos.framework in Frameworks */,
			);
			runOnlyForDeploymentPostprocessing = 0;
		};
		A4F89B371DA809B100949A35 /* Frameworks */ = {
			isa = PBXFrameworksBuildPhase;
			buildActionMask = 2147483647;
			files = (
				4EE890349CF141E54F460029 /* Pods_OhMyBoxSellersIosTests.framework in Frameworks */,
			);
			runOnlyForDeploymentPostprocessing = 0;
		};
/* End PBXFrameworksBuildPhase section */

/* Begin PBXGroup section */
		3DFACAA143E64F5C802398F6 /* Pods */ = {
			isa = PBXGroup;
			children = (
				96823E7B18D94C4C17A636C7 /* Pods-OhMyBoxSellersIos.debug.xcconfig */,
				8649FC11B60E4ADD22B76989 /* Pods-OhMyBoxSellersIos.release.xcconfig */,
				66A6951243DC0AB8AA5FFBAD /* Pods-OhMyBoxSellersIosTests.debug.xcconfig */,
				3F07268A3E6B9CC51F50285A /* Pods-OhMyBoxSellersIosTests.release.xcconfig */,
			);
			name = Pods;
			sourceTree = "<group>";
		};
		4CD82AD01E5233270095D762 /* Tags */ = {
			isa = PBXGroup;
			children = (
				4C216B171E521F04003FB257 /* TagView.xib */,
				4C216B181E521F04003FB257 /* TagView2.swift */,
				4C216B191E521F04003FB257 /* TagView2.xib */,
				4C216B1A1E521F04003FB257 /* TagView3.swift */,
				4C216B1B1E521F04003FB257 /* TagView3.xib */,
				4C216B1C1E521F04003FB257 /* TagView4.swift */,
				4C216B1D1E521F04003FB257 /* TagView4.xib */,
				4C216B1E1E521F04003FB257 /* TagView5.swift */,
				4C216B1F1E521F04003FB257 /* TagView5.xib */,
				4C216B201E521F04003FB257 /* TagView.swift */,
			);
			name = Tags;
			sourceTree = "<group>";
		};
		4CD82AD11E5233450095D762 /* Headers */ = {
			isa = PBXGroup;
			children = (
				4C216B111E521F04003FB257 /* HeaderTitleSecondTypeTableViewCell.swift */,
				4C216B121E521F04003FB257 /* HeaderTitleSecondTypeTableViewCell.xib */,
				4C216B131E521F04003FB257 /* HeaderTitleTableViewCell.swift */,
				4C216B141E521F04003FB257 /* HeaderTitleTableViewCell.xib */,
			);
			name = Headers;
			sourceTree = "<group>";
		};
		4CD82AD21E5233500095D762 /* Cells */ = {
			isa = PBXGroup;
			children = (
				4C216B0F1E521F04003FB257 /* ShowCaseCollectionViewCell.swift */,
				4C216B101E521F04003FB257 /* ShowCaseCollectionViewCell.xib */,
				4C216B151E521F04003FB257 /* ShowCaseBrandTableViewCell.swift */,
				4C216B161E521F04003FB257 /* ShowCaseBrandTableViewCell.xib */,
				4C216B0D1E521EF2003FB257 /* ProductCategoryTableViewCell.swift */,
				4CE942B01E536AB2005E1B0C /* ClosetTableViewCell.swift */,
				4C5EC9531E54E67000B28C61 /* ProductCollectionViewCell.xib */,
				4C5EC9551E54EFE800B28C61 /* ProductCollectionViewCell.swift */,
			);
			name = Cells;
			sourceTree = "<group>";
		};
		A40A25291DCBD4B500DF9523 /* Controllers */ = {
			isa = PBXGroup;
			children = (
				A40A252A1DCBD4C000DF9523 /* HomeMainViewController.swift */,
				4C5EC9511E54E38B00B28C61 /* CategoryProductsViewController.swift */,
			);
			path = Controllers;
			sourceTree = "<group>";
		};
		A44D00C71DE73421001571E2 /* Reusable */ = {
			isa = PBXGroup;
			children = (
				A44D00C81DE73448001571E2 /* SignUpHeaderCell.swift */,
				A44D00CA1DE7345C001571E2 /* SignUpFieldCell.swift */,
				A44D00D21DE7F285001571E2 /* FormFieldFooterActionCell.swift */,
			);
			path = Reusable;
			sourceTree = "<group>";
		};
		A44E0C5D1DD092650028F06C /* Fonts */ = {
			isa = PBXGroup;
			children = (
				A4D825451DE3CECB00A11B56 /* Poppins */,
				A4D825521DE3CFA900A11B56 /* Axis */,
				A4D825541DE3CFA900A11B56 /* Multi-fonts */,
			);
			path = Fonts;
			sourceTree = "<group>";
		};
		A489B1F31DDA7D0300B239D5 /* Authentication */ = {
			isa = PBXGroup;
			children = (
				A44D00C71DE73421001571E2 /* Reusable */,
				A489B1F41DDA7D0300B239D5 /* Controllers */,
				A489B1F51DDA7D0300B239D5 /* Interface */,
			);
			path = Authentication;
			sourceTree = "<group>";
		};
		A489B1F41DDA7D0300B239D5 /* Controllers */ = {
			isa = PBXGroup;
			children = (
				A44D00C51DE71EDE001571E2 /* AuthenticationContainerViewController.swift */,
				A4D8255B1DE3D05100A11B56 /* LoginViewController.swift */,
				A4422AD71DED03E300A2593B /* CreateAccountViewController.swift */,
				A4D8255A1DE3D05100A11B56 /* CreateBrandViewController.swift */,
			);
			path = Controllers;
			sourceTree = "<group>";
		};
		A489B1F51DDA7D0300B239D5 /* Interface */ = {
			isa = PBXGroup;
			children = (
				A489B1F61DDA7D1100B239D5 /* Authentication.storyboard */,
			);
			path = Interface;
			sourceTree = "<group>";
		};
		A4CB02651DD261B200B01A6B /* NavigationBar */ = {
			isa = PBXGroup;
			children = (
				A4CB02661DD261B200B01A6B /* IconNavigationBar.xib */,
				A4CB02681DD261D900B01A6B /* IconNavigationBar.swift */,
			);
			path = NavigationBar;
			sourceTree = "<group>";
		};
		A4D825451DE3CECB00A11B56 /* Poppins */ = {
			isa = PBXGroup;
			children = (
				A4D825461DE3CECB00A11B56 /* OFL.txt */,
				A4D825471DE3CECB00A11B56 /* Poppins-Bold.ttf */,
				A4D825481DE3CECB00A11B56 /* Poppins-Light.ttf */,
				A4D825491DE3CECB00A11B56 /* Poppins-Medium.ttf */,
				A4D8254A1DE3CECB00A11B56 /* Poppins-Regular.ttf */,
				A4D8254B1DE3CECB00A11B56 /* Poppins-SemiBold.ttf */,
			);
			path = Poppins;
			sourceTree = "<group>";
		};
		A4D825521DE3CFA900A11B56 /* Axis */ = {
			isa = PBXGroup;
			children = (
				A4D825531DE3CFA900A11B56 /* Axis Extrabold.otf */,
			);
			path = Axis;
			sourceTree = "<group>";
		};
		A4D825541DE3CFA900A11B56 /* Multi-fonts */ = {
			isa = PBXGroup;
			children = (
				A4D825551DE3CFA900A11B56 /* Muli-Light.ttf */,
				A4D825561DE3CFA900A11B56 /* Muli-Regular.ttf */,
			);
			path = "Multi-fonts";
			sourceTree = "<group>";
		};
		A4E462E71DCAEA7F00A611C0 /* ViewControllers */ = {
			isa = PBXGroup;
			children = (
				A489B1F31DDA7D0300B239D5 /* Authentication */,
				A4E462EA1DCAEA7F00A611C0 /* Home */,
			);
			path = ViewControllers;
			sourceTree = "<group>";
		};
		A4E462EA1DCAEA7F00A611C0 /* Home */ = {
			isa = PBXGroup;
			children = (
				A4FE062A1DD0954400BFDC4D /* Views */,
				A40A25291DCBD4B500DF9523 /* Controllers */,
				A4E462EB1DCAEA7F00A611C0 /* Interface */,
			);
			path = Home;
			sourceTree = "<group>";
		};
		A4E462EB1DCAEA7F00A611C0 /* Interface */ = {
			isa = PBXGroup;
			children = (
				A4E462FC1DCAEAF800A611C0 /* Home.storyboard */,
			);
			path = Interface;
			sourceTree = "<group>";
		};
		A4E462F41DCAEAC200A611C0 /* Constants */ = {
			isa = PBXGroup;
			children = (
				A4AFBB0C1DD35D4600F270C7 /* Colors.swift */,
				A4D5DA221DDEBC7900EB9EC5 /* URLS.swift */,
				4CAA91731E54D3330030AE90 /* Constants.swift */,
			);
			path = Constants;
			sourceTree = "<group>";
		};
		A4E462F51DCAEAC200A611C0 /* Extensions */ = {
			isa = PBXGroup;
			children = (
				4CCE86AA1E4CEFF50001DA73 /* CenterCellCollectionViewFlowLayout.swift */,
				4CCE86AB1E4CEFF50001DA73 /* ScaledVisibleCellsCollectionView.h */,
				4CCE86AC1E4CEFF50001DA73 /* ScaledVisibleCellsCollectionView.swift */,
				A4CB02651DD261B200B01A6B /* NavigationBar */,
				A40A25191DCB681A00DF9523 /* UIView+Animations.swift */,
				A40A25171DCB5C2C00DF9523 /* UIView+IBInspector.swift */,
				A4AFBB011DD272A700F270C7 /* UIApplication+Navigation.swift */,
				A4FE063A1DD0A13E00BFDC4D /* Dictionary+Indexable.swift */,
				A427680B1DD3A09D00363343 /* UIColorExtension.swift */,
				A4D825661DE3D29900A11B56 /* ViewUtil.swift */,
				A44D00CC1DE73978001571E2 /* TextInputScrollView.swift */,
				A44D00D01DE73ED8001571E2 /* TextInputTableView.swift */,
				A44D00CD1DE73978001571E2 /* UITextField+NextResponder.swift */,
				A45A55951DEE5B770088C39A /* UIImageViewWithPicker.swift */,
				4C5EC9571E54FB0200B28C61 /* String+CharacterSpacing.swift */,
			);
			path = Extensions;
			sourceTree = "<group>";
		};
		A4E462F61DCAEAC200A611C0 /* Persistence */ = {
			isa = PBXGroup;
			children = (
				A4FE06371DD09D6400BFDC4D /* Models */,
				A4E462F71DCAEAC200A611C0 /* Local */,
				A4E462F81DCAEAC200A611C0 /* Requests */,
			);
			path = Persistence;
			sourceTree = "<group>";
		};
		A4E462F71DCAEAC200A611C0 /* Local */ = {
			isa = PBXGroup;
			children = (
				A44967751DDA300100990008 /* DefaultsHelper.swift */,
			);
			path = Local;
			sourceTree = "<group>";
		};
		A4E462F81DCAEAC200A611C0 /* Requests */ = {
			isa = PBXGroup;
			children = (
				A45A55921DEE15A70088C39A /* ImageStorage.swift */,
			);
			path = Requests;
			sourceTree = "<group>";
		};
		A4E462F91DCAEAC200A611C0 /* Vendor */ = {
			isa = PBXGroup;
			children = (
				A4D8255E1DE3D11400A11B56 /* Bolts.framework */,
				A4D8255F1DE3D11400A11B56 /* FBSDKCoreKit.framework */,
				A4D825601DE3D11400A11B56 /* FBSDKLoginKit.framework */,
				A4D825611DE3D11400A11B56 /* FBSDKShareKit.framework */,
			);
			path = Vendor;
			sourceTree = "<group>";
		};
		A4E463021DCAEC4F00A611C0 /* Resources */ = {
			isa = PBXGroup;
			children = (
				A44E0C5D1DD092650028F06C /* Fonts */,
				A4D825691DE3D3DC00A11B56 /* Assets.xcassets */,
				A45A558F1DED3DDE0088C39A /* GoogleService-Info.plist */,
			);
			path = Resources;
			sourceTree = "<group>";
		};
		A4F89B1D1DA809B100949A35 = {
			isa = PBXGroup;
			children = (
				A4F89B281DA809B100949A35 /* OhMyBoxSellersIos */,
				A4F89B3D1DA809B100949A35 /* OhMyBoxSellersIosTests */,
				A4F89B271DA809B100949A35 /* Products */,
				3DFACAA143E64F5C802398F6 /* Pods */,
				F474218A046B1D080B651B7A /* Frameworks */,
			);
			sourceTree = "<group>";
		};
		A4F89B271DA809B100949A35 /* Products */ = {
			isa = PBXGroup;
			children = (
				A4F89B261DA809B100949A35 /* OhMyBoxSellersIos.app */,
				A4F89B3A1DA809B100949A35 /* OhMyBoxSellersIosTests.xctest */,
			);
			name = Products;
			sourceTree = "<group>";
		};
		A4F89B281DA809B100949A35 /* OhMyBoxSellersIos */ = {
			isa = PBXGroup;
			children = (
				A45A55911DEE06A10088C39A /* OhMyBoxSellersIos.entitlements */,
				A4E462F41DCAEAC200A611C0 /* Constants */,
				A4E462F51DCAEAC200A611C0 /* Extensions */,
				A4E462F61DCAEAC200A611C0 /* Persistence */,
				A4E463021DCAEC4F00A611C0 /* Resources */,
				A4E462F91DCAEAC200A611C0 /* Vendor */,
				A4E462E71DCAEA7F00A611C0 /* ViewControllers */,
				A4F89B291DA809B100949A35 /* AppDelegate.swift */,
				A4F89B321DA809B100949A35 /* LaunchScreen.storyboard */,
				4CCE867C1E4CE9370001DA73 /* Main.storyboard */,
				A4F89B351DA809B100949A35 /* Info.plist */,
			);
			path = OhMyBoxSellersIos;
			sourceTree = "<group>";
		};
		A4F89B3D1DA809B100949A35 /* OhMyBoxSellersIosTests */ = {
			isa = PBXGroup;
			children = (
				A4F89B3E1DA809B100949A35 /* OhMyBoxSellersIosTests.swift */,
				A4F89B401DA809B100949A35 /* Info.plist */,
			);
			path = OhMyBoxSellersIosTests;
			sourceTree = "<group>";
		};
		A4FE062A1DD0954400BFDC4D /* Views */ = {
			isa = PBXGroup;
			children = (
				4CD82AD21E5233500095D762 /* Cells */,
				4CD82AD11E5233450095D762 /* Headers */,
				4CD82AD01E5233270095D762 /* Tags */,
			);
			name = Views;
			path = Cells;
			sourceTree = "<group>";
		};
		A4FE06371DD09D6400BFDC4D /* Models */ = {
			isa = PBXGroup;
			children = (
				A41836A01DE8D054007ECEDD /* User.swift */,
				A41836A21DE8D067007ECEDD /* Brand.swift */,
			);
			path = Models;
			sourceTree = "<group>";
		};
		F474218A046B1D080B651B7A /* Frameworks */ = {
			isa = PBXGroup;
			children = (
				4740BB8B9F69EC21C95B9451 /* Pods_OhMyBoxSellersIos.framework */,
				6115D89A9D141691FD587E70 /* Pods_OhMyBoxSellersIosTests.framework */,
			);
			name = Frameworks;
			sourceTree = "<group>";
		};
/* End PBXGroup section */

/* Begin PBXNativeTarget section */
		A4F89B251DA809B100949A35 /* OhMyBoxSellersIos */ = {
			isa = PBXNativeTarget;
			buildConfigurationList = A4F89B431DA809B100949A35 /* Build configuration list for PBXNativeTarget "OhMyBoxSellersIos" */;
			buildPhases = (
				5B525A67091355CD50A13873 /* [CP] Check Pods Manifest.lock */,
				A4F89B221DA809B100949A35 /* Sources */,
				A4F89B231DA809B100949A35 /* Frameworks */,
				A4F89B241DA809B100949A35 /* Resources */,
				447A52C46E0C74EA5D7B569F /* [CP] Embed Pods Frameworks */,
				E85E50AC82A7A1B3976CFDF8 /* [CP] Copy Pods Resources */,
				A4F89B491DA80A0F00949A35 /* Adding tags to comment */,
				A4B5CAA91DA811DB003260BA /* Fabric */,
			);
			buildRules = (
			);
			dependencies = (
			);
			name = OhMyBoxSellersIos;
			productName = OhMyBoxSellersIos;
			productReference = A4F89B261DA809B100949A35 /* OhMyBoxSellersIos.app */;
			productType = "com.apple.product-type.application";
		};
		A4F89B391DA809B100949A35 /* OhMyBoxSellersIosTests */ = {
			isa = PBXNativeTarget;
			buildConfigurationList = A4F89B461DA809B100949A35 /* Build configuration list for PBXNativeTarget "OhMyBoxSellersIosTests" */;
			buildPhases = (
				56E0492018FF5F804A4D71EC /* [CP] Check Pods Manifest.lock */,
				A4F89B361DA809B100949A35 /* Sources */,
				A4F89B371DA809B100949A35 /* Frameworks */,
				A4F89B381DA809B100949A35 /* Resources */,
				35F139399A01FE104B8257E9 /* [CP] Embed Pods Frameworks */,
				53BF4E5334B0A85A252C270F /* [CP] Copy Pods Resources */,
			);
			buildRules = (
			);
			dependencies = (
				A4F89B3C1DA809B100949A35 /* PBXTargetDependency */,
			);
			name = OhMyBoxSellersIosTests;
			productName = OhMyBoxSellersIosTests;
			productReference = A4F89B3A1DA809B100949A35 /* OhMyBoxSellersIosTests.xctest */;
			productType = "com.apple.product-type.bundle.unit-test";
		};
/* End PBXNativeTarget section */

/* Begin PBXProject section */
		A4F89B1E1DA809B100949A35 /* Project object */ = {
			isa = PBXProject;
			attributes = {
				LastSwiftUpdateCheck = 0800;
				LastUpgradeCheck = 0810;
				ORGANIZATIONNAME = Lab262;
				TargetAttributes = {
					A4F89B251DA809B100949A35 = {
						CreatedOnToolsVersion = 8.0;
						DevelopmentTeam = BEVC4JDNZX;
						LastSwiftMigration = 0820;
						ProvisioningStyle = Automatic;
						SystemCapabilities = {
							com.apple.Keychain = {
								enabled = 1;
							};
						};
					};
					A4F89B391DA809B100949A35 = {
						CreatedOnToolsVersion = 8.0;
						DevelopmentTeam = B865ENT4P3;
						LastSwiftMigration = 0820;
						ProvisioningStyle = Automatic;
						TestTargetID = A4F89B251DA809B100949A35;
					};
				};
			};
			buildConfigurationList = A4F89B211DA809B100949A35 /* Build configuration list for PBXProject "OhMyBoxSellersIos" */;
			compatibilityVersion = "Xcode 3.2";
			developmentRegion = English;
			hasScannedForEncodings = 0;
			knownRegions = (
				en,
				Base,
			);
			mainGroup = A4F89B1D1DA809B100949A35;
			productRefGroup = A4F89B271DA809B100949A35 /* Products */;
			projectDirPath = "";
			projectRoot = "";
			targets = (
				A4F89B251DA809B100949A35 /* OhMyBoxSellersIos */,
				A4F89B391DA809B100949A35 /* OhMyBoxSellersIosTests */,
			);
		};
/* End PBXProject section */

/* Begin PBXResourcesBuildPhase section */
		A4F89B241DA809B100949A35 /* Resources */ = {
			isa = PBXResourcesBuildPhase;
			buildActionMask = 2147483647;
			files = (
				A4D8254C1DE3CECB00A11B56 /* OFL.txt in Resources */,
				4C216B2D1E521F04003FB257 /* TagView3.xib in Resources */,
				A4CB02671DD261B200B01A6B /* IconNavigationBar.xib in Resources */,
				A45A55901DED3DDE0088C39A /* GoogleService-Info.plist in Resources */,
				4C5EC9541E54E67000B28C61 /* ProductCollectionViewCell.xib in Resources */,
				A4D825591DE3CFA900A11B56 /* Muli-Regular.ttf in Resources */,
				A4D825511DE3CECB00A11B56 /* Poppins-SemiBold.ttf in Resources */,
				A4D8256A1DE3D3DC00A11B56 /* Assets.xcassets in Resources */,
				A4D8254D1DE3CECB00A11B56 /* Poppins-Bold.ttf in Resources */,
				4C216B2F1E521F04003FB257 /* TagView4.xib in Resources */,
				A4D8254E1DE3CECB00A11B56 /* Poppins-Light.ttf in Resources */,
				A489B1F71DDA7D1100B239D5 /* Authentication.storyboard in Resources */,
				A4E462FD1DCAEAF800A611C0 /* Home.storyboard in Resources */,
				4C216B2B1E521F04003FB257 /* TagView2.xib in Resources */,
				4C216B261E521F04003FB257 /* HeaderTitleTableViewCell.xib in Resources */,
				4C216B311E521F04003FB257 /* TagView5.xib in Resources */,
				A4D825581DE3CFA900A11B56 /* Muli-Light.ttf in Resources */,
				4CCE867D1E4CE9370001DA73 /* Main.storyboard in Resources */,
				A4D8254F1DE3CECB00A11B56 /* Poppins-Medium.ttf in Resources */,
				A4F89B341DA809B100949A35 /* LaunchScreen.storyboard in Resources */,
				A4D825501DE3CECB00A11B56 /* Poppins-Regular.ttf in Resources */,
				A4D825571DE3CFA900A11B56 /* Axis Extrabold.otf in Resources */,
				4C216B221E521F04003FB257 /* ShowCaseCollectionViewCell.xib in Resources */,
				4C216B281E521F04003FB257 /* ShowCaseBrandTableViewCell.xib in Resources */,
				4C216B291E521F04003FB257 /* TagView.xib in Resources */,
				4C216B241E521F04003FB257 /* HeaderTitleSecondTypeTableViewCell.xib in Resources */,
			);
			runOnlyForDeploymentPostprocessing = 0;
		};
		A4F89B381DA809B100949A35 /* Resources */ = {
			isa = PBXResourcesBuildPhase;
			buildActionMask = 2147483647;
			files = (
			);
			runOnlyForDeploymentPostprocessing = 0;
		};
/* End PBXResourcesBuildPhase section */

/* Begin PBXShellScriptBuildPhase section */
		35F139399A01FE104B8257E9 /* [CP] Embed Pods Frameworks */ = {
			isa = PBXShellScriptBuildPhase;
			buildActionMask = 2147483647;
			files = (
			);
			inputPaths = (
			);
			name = "[CP] Embed Pods Frameworks";
			outputPaths = (
			);
			runOnlyForDeploymentPostprocessing = 0;
			shellPath = /bin/sh;
			shellScript = "\"${SRCROOT}/Pods/Target Support Files/Pods-OhMyBoxSellersIosTests/Pods-OhMyBoxSellersIosTests-frameworks.sh\"\n";
			showEnvVarsInLog = 0;
		};
		447A52C46E0C74EA5D7B569F /* [CP] Embed Pods Frameworks */ = {
			isa = PBXShellScriptBuildPhase;
			buildActionMask = 2147483647;
			files = (
			);
			inputPaths = (
			);
			name = "[CP] Embed Pods Frameworks";
			outputPaths = (
			);
			runOnlyForDeploymentPostprocessing = 0;
			shellPath = /bin/sh;
			shellScript = "\"${SRCROOT}/Pods/Target Support Files/Pods-OhMyBoxSellersIos/Pods-OhMyBoxSellersIos-frameworks.sh\"\n";
			showEnvVarsInLog = 0;
		};
		53BF4E5334B0A85A252C270F /* [CP] Copy Pods Resources */ = {
			isa = PBXShellScriptBuildPhase;
			buildActionMask = 2147483647;
			files = (
			);
			inputPaths = (
			);
			name = "[CP] Copy Pods Resources";
			outputPaths = (
			);
			runOnlyForDeploymentPostprocessing = 0;
			shellPath = /bin/sh;
			shellScript = "\"${SRCROOT}/Pods/Target Support Files/Pods-OhMyBoxSellersIosTests/Pods-OhMyBoxSellersIosTests-resources.sh\"\n";
			showEnvVarsInLog = 0;
		};
		56E0492018FF5F804A4D71EC /* [CP] Check Pods Manifest.lock */ = {
			isa = PBXShellScriptBuildPhase;
			buildActionMask = 2147483647;
			files = (
			);
			inputPaths = (
			);
			name = "[CP] Check Pods Manifest.lock";
			outputPaths = (
			);
			runOnlyForDeploymentPostprocessing = 0;
			shellPath = /bin/sh;
			shellScript = "diff \"${PODS_ROOT}/../Podfile.lock\" \"${PODS_ROOT}/Manifest.lock\" > /dev/null\nif [ $? != 0 ] ; then\n    # print error to STDERR\n    echo \"error: The sandbox is not in sync with the Podfile.lock. Run 'pod install' or update your CocoaPods installation.\" >&2\n    exit 1\nfi\n";
			showEnvVarsInLog = 0;
		};
		5B525A67091355CD50A13873 /* [CP] Check Pods Manifest.lock */ = {
			isa = PBXShellScriptBuildPhase;
			buildActionMask = 2147483647;
			files = (
			);
			inputPaths = (
			);
			name = "[CP] Check Pods Manifest.lock";
			outputPaths = (
			);
			runOnlyForDeploymentPostprocessing = 0;
			shellPath = /bin/sh;
			shellScript = "diff \"${PODS_ROOT}/../Podfile.lock\" \"${PODS_ROOT}/Manifest.lock\" > /dev/null\nif [ $? != 0 ] ; then\n    # print error to STDERR\n    echo \"error: The sandbox is not in sync with the Podfile.lock. Run 'pod install' or update your CocoaPods installation.\" >&2\n    exit 1\nfi\n";
			showEnvVarsInLog = 0;
		};
		A4B5CAA91DA811DB003260BA /* Fabric */ = {
			isa = PBXShellScriptBuildPhase;
			buildActionMask = 2147483647;
			files = (
			);
			inputPaths = (
			);
			name = Fabric;
			outputPaths = (
			);
			runOnlyForDeploymentPostprocessing = 0;
			shellPath = /bin/sh;
			shellScript = "${PODS_ROOT}/Fabric/run 2e1985f6065c4886c2f4320a20fb61e3c4323688 d2624afd5979642eef8ae5ce2ae3ee1eb86983da95e3c602e865668bb7b4bf8b";
		};
		A4F89B491DA80A0F00949A35 /* Adding tags to comment */ = {
			isa = PBXShellScriptBuildPhase;
			buildActionMask = 2147483647;
			files = (
			);
			inputPaths = (
			);
			name = "Adding tags to comment";
			outputPaths = (
			);
			runOnlyForDeploymentPostprocessing = 0;
			shellPath = /bin/sh;
			shellScript = "#http://krakendev.io/blog/generating-warnings-in-xcode\n#http://stackoverflow.com/questions/24183812/swift-warning-equivalent\nTAGS=\"TODO:\"\necho \"searching ${SRCROOT/Humagine} for ${TAGS}\"\nfind \"${SRCROOT/Humagine}\" \\( -name \"*.swift\" \\) -type f -print0 | xargs -0 egrep --with-filename --line-number --only-matching \"($TAGS).*\\$\" | perl -p -e \"s/($TAGS)/ warning: \\$1/\"\n";
		};
		E85E50AC82A7A1B3976CFDF8 /* [CP] Copy Pods Resources */ = {
			isa = PBXShellScriptBuildPhase;
			buildActionMask = 2147483647;
			files = (
			);
			inputPaths = (
			);
			name = "[CP] Copy Pods Resources";
			outputPaths = (
			);
			runOnlyForDeploymentPostprocessing = 0;
			shellPath = /bin/sh;
			shellScript = "\"${SRCROOT}/Pods/Target Support Files/Pods-OhMyBoxSellersIos/Pods-OhMyBoxSellersIos-resources.sh\"\n";
			showEnvVarsInLog = 0;
		};
/* End PBXShellScriptBuildPhase section */

/* Begin PBXSourcesBuildPhase section */
		A4F89B221DA809B100949A35 /* Sources */ = {
			isa = PBXSourcesBuildPhase;
			buildActionMask = 2147483647;
			files = (
				A44D00C91DE73448001571E2 /* SignUpHeaderCell.swift in Sources */,
				A4D8255D1DE3D05100A11B56 /* LoginViewController.swift in Sources */,
				A45A55931DEE15A70088C39A /* ImageStorage.swift in Sources */,
				A4CB02691DD261D900B01A6B /* IconNavigationBar.swift in Sources */,
				4C216B271E521F04003FB257 /* ShowCaseBrandTableViewCell.swift in Sources */,
				A4F89B2A1DA809B100949A35 /* AppDelegate.swift in Sources */,
				A4AFBB021DD272A700F270C7 /* UIApplication+Navigation.swift in Sources */,
				A40A251A1DCB681A00DF9523 /* UIView+Animations.swift in Sources */,
				4C216B2E1E521F04003FB257 /* TagView4.swift in Sources */,
				4C216B301E521F04003FB257 /* TagView5.swift in Sources */,
				4C216B251E521F04003FB257 /* HeaderTitleTableViewCell.swift in Sources */,
				4CE942B11E536AB2005E1B0C /* ClosetTableViewCell.swift in Sources */,
				A44967761DDA300100990008 /* DefaultsHelper.swift in Sources */,
				A45A55961DEE5B770088C39A /* UIImageViewWithPicker.swift in Sources */,
				A4D8255C1DE3D05100A11B56 /* CreateBrandViewController.swift in Sources */,
				4CAA91741E54D3330030AE90 /* Constants.swift in Sources */,
				4C5EC9561E54EFE800B28C61 /* ProductCollectionViewCell.swift in Sources */,
				A44D00CB1DE7345C001571E2 /* SignUpFieldCell.swift in Sources */,
				A44D00CE1DE73978001571E2 /* TextInputScrollView.swift in Sources */,
				4C216B2A1E521F04003FB257 /* TagView2.swift in Sources */,
				A41836A31DE8D067007ECEDD /* Brand.swift in Sources */,
				A41836A11DE8D054007ECEDD /* User.swift in Sources */,
				4C5EC9521E54E38B00B28C61 /* CategoryProductsViewController.swift in Sources */,
				4C216B321E521F04003FB257 /* TagView.swift in Sources */,
				A4422AD81DED03E300A2593B /* CreateAccountViewController.swift in Sources */,
				A40A252B1DCBD4C000DF9523 /* HomeMainViewController.swift in Sources */,
				A4AFBB0D1DD35D4600F270C7 /* Colors.swift in Sources */,
				4C216B231E521F04003FB257 /* HeaderTitleSecondTypeTableViewCell.swift in Sources */,
				A4D5DA231DDEBC7900EB9EC5 /* URLS.swift in Sources */,
				4C216B211E521F04003FB257 /* ShowCaseCollectionViewCell.swift in Sources */,
				4C5EC9581E54FB0200B28C61 /* String+CharacterSpacing.swift in Sources */,
				4CCE86AE1E4CEFF50001DA73 /* ScaledVisibleCellsCollectionView.swift in Sources */,
				A44D00C61DE71EDE001571E2 /* AuthenticationContainerViewController.swift in Sources */,
				A4FE063B1DD0A13E00BFDC4D /* Dictionary+Indexable.swift in Sources */,
				4CCE86AD1E4CEFF50001DA73 /* CenterCellCollectionViewFlowLayout.swift in Sources */,
				A44D00D11DE73ED8001571E2 /* TextInputTableView.swift in Sources */,
				4C216B0E1E521EF2003FB257 /* ProductCategoryTableViewCell.swift in Sources */,
				A44D00D31DE7F285001571E2 /* FormFieldFooterActionCell.swift in Sources */,
				A427680C1DD3A09D00363343 /* UIColorExtension.swift in Sources */,
				A44D00CF1DE73978001571E2 /* UITextField+NextResponder.swift in Sources */,
				A40A25181DCB5C2C00DF9523 /* UIView+IBInspector.swift in Sources */,
				A4D825671DE3D29900A11B56 /* ViewUtil.swift in Sources */,
				4C216B2C1E521F04003FB257 /* TagView3.swift in Sources */,
			);
			runOnlyForDeploymentPostprocessing = 0;
		};
		A4F89B361DA809B100949A35 /* Sources */ = {
			isa = PBXSourcesBuildPhase;
			buildActionMask = 2147483647;
			files = (
				A4F89B3F1DA809B100949A35 /* OhMyBoxSellersIosTests.swift in Sources */,
			);
			runOnlyForDeploymentPostprocessing = 0;
		};
/* End PBXSourcesBuildPhase section */

/* Begin PBXTargetDependency section */
		A4F89B3C1DA809B100949A35 /* PBXTargetDependency */ = {
			isa = PBXTargetDependency;
			target = A4F89B251DA809B100949A35 /* OhMyBoxSellersIos */;
			targetProxy = A4F89B3B1DA809B100949A35 /* PBXContainerItemProxy */;
		};
/* End PBXTargetDependency section */

/* Begin PBXVariantGroup section */
		A4F89B321DA809B100949A35 /* LaunchScreen.storyboard */ = {
			isa = PBXVariantGroup;
			children = (
				A4F89B331DA809B100949A35 /* Base */,
			);
			name = LaunchScreen.storyboard;
			sourceTree = "<group>";
		};
/* End PBXVariantGroup section */

/* Begin XCBuildConfiguration section */
		A4F89B411DA809B100949A35 /* Debug */ = {
			isa = XCBuildConfiguration;
			buildSettings = {
				ALWAYS_SEARCH_USER_PATHS = NO;
				CLANG_ANALYZER_NONNULL = YES;
				CLANG_CXX_LANGUAGE_STANDARD = "gnu++0x";
				CLANG_CXX_LIBRARY = "libc++";
				CLANG_ENABLE_MODULES = YES;
				CLANG_ENABLE_OBJC_ARC = YES;
				CLANG_WARN_BOOL_CONVERSION = YES;
				CLANG_WARN_CONSTANT_CONVERSION = YES;
				CLANG_WARN_DIRECT_OBJC_ISA_USAGE = YES_ERROR;
				CLANG_WARN_DOCUMENTATION_COMMENTS = YES;
				CLANG_WARN_EMPTY_BODY = YES;
				CLANG_WARN_ENUM_CONVERSION = YES;
				CLANG_WARN_INFINITE_RECURSION = YES;
				CLANG_WARN_INT_CONVERSION = YES;
				CLANG_WARN_OBJC_ROOT_CLASS = YES_ERROR;
				CLANG_WARN_SUSPICIOUS_MOVE = YES;
				CLANG_WARN_SUSPICIOUS_MOVES = YES;
				CLANG_WARN_UNREACHABLE_CODE = YES;
				CLANG_WARN__DUPLICATE_METHOD_MATCH = YES;
				"CODE_SIGN_IDENTITY[sdk=iphoneos*]" = "iPhone Developer";
				COPY_PHASE_STRIP = NO;
				CURRENT_PROJECT_VERSION = 5;
				DEBUG_INFORMATION_FORMAT = dwarf;
				ENABLE_STRICT_OBJC_MSGSEND = YES;
				ENABLE_TESTABILITY = YES;
				GCC_C_LANGUAGE_STANDARD = gnu99;
				GCC_DYNAMIC_NO_PIC = NO;
				GCC_NO_COMMON_BLOCKS = YES;
				GCC_OPTIMIZATION_LEVEL = 0;
				GCC_PREPROCESSOR_DEFINITIONS = (
					"DEBUG=1",
					"$(inherited)",
				);
				GCC_WARN_64_TO_32_BIT_CONVERSION = YES;
				GCC_WARN_ABOUT_RETURN_TYPE = YES_ERROR;
				GCC_WARN_UNDECLARED_SELECTOR = YES;
				GCC_WARN_UNINITIALIZED_AUTOS = YES_AGGRESSIVE;
				GCC_WARN_UNUSED_FUNCTION = YES;
				GCC_WARN_UNUSED_VARIABLE = YES;
				IPHONEOS_DEPLOYMENT_TARGET = 10.0;
				MTL_ENABLE_DEBUG_INFO = YES;
				ONLY_ACTIVE_ARCH = YES;
				SDKROOT = iphoneos;
				SWIFT_ACTIVE_COMPILATION_CONDITIONS = DEBUG;
				SWIFT_OPTIMIZATION_LEVEL = "-Onone";
				TARGETED_DEVICE_FAMILY = "1,2";
			};
			name = Debug;
		};
		A4F89B421DA809B100949A35 /* Release */ = {
			isa = XCBuildConfiguration;
			buildSettings = {
				ALWAYS_SEARCH_USER_PATHS = NO;
				CLANG_ANALYZER_NONNULL = YES;
				CLANG_CXX_LANGUAGE_STANDARD = "gnu++0x";
				CLANG_CXX_LIBRARY = "libc++";
				CLANG_ENABLE_MODULES = YES;
				CLANG_ENABLE_OBJC_ARC = YES;
				CLANG_WARN_BOOL_CONVERSION = YES;
				CLANG_WARN_CONSTANT_CONVERSION = YES;
				CLANG_WARN_DIRECT_OBJC_ISA_USAGE = YES_ERROR;
				CLANG_WARN_DOCUMENTATION_COMMENTS = YES;
				CLANG_WARN_EMPTY_BODY = YES;
				CLANG_WARN_ENUM_CONVERSION = YES;
				CLANG_WARN_INFINITE_RECURSION = YES;
				CLANG_WARN_INT_CONVERSION = YES;
				CLANG_WARN_OBJC_ROOT_CLASS = YES_ERROR;
				CLANG_WARN_SUSPICIOUS_MOVE = YES;
				CLANG_WARN_SUSPICIOUS_MOVES = YES;
				CLANG_WARN_UNREACHABLE_CODE = YES;
				CLANG_WARN__DUPLICATE_METHOD_MATCH = YES;
				"CODE_SIGN_IDENTITY[sdk=iphoneos*]" = "iPhone Developer";
				COPY_PHASE_STRIP = NO;
				CURRENT_PROJECT_VERSION = 5;
				DEBUG_INFORMATION_FORMAT = "dwarf-with-dsym";
				ENABLE_NS_ASSERTIONS = NO;
				ENABLE_STRICT_OBJC_MSGSEND = YES;
				GCC_C_LANGUAGE_STANDARD = gnu99;
				GCC_NO_COMMON_BLOCKS = YES;
				GCC_WARN_64_TO_32_BIT_CONVERSION = YES;
				GCC_WARN_ABOUT_RETURN_TYPE = YES_ERROR;
				GCC_WARN_UNDECLARED_SELECTOR = YES;
				GCC_WARN_UNINITIALIZED_AUTOS = YES_AGGRESSIVE;
				GCC_WARN_UNUSED_FUNCTION = YES;
				GCC_WARN_UNUSED_VARIABLE = YES;
				IPHONEOS_DEPLOYMENT_TARGET = 10.0;
				MTL_ENABLE_DEBUG_INFO = NO;
				SDKROOT = iphoneos;
				SWIFT_OPTIMIZATION_LEVEL = "-Owholemodule";
				TARGETED_DEVICE_FAMILY = "1,2";
				VALIDATE_PRODUCT = YES;
			};
			name = Release;
		};
		A4F89B441DA809B100949A35 /* Debug */ = {
			isa = XCBuildConfiguration;
			baseConfigurationReference = 96823E7B18D94C4C17A636C7 /* Pods-OhMyBoxSellersIos.debug.xcconfig */;
			buildSettings = {
				ALWAYS_EMBED_SWIFT_STANDARD_LIBRARIES = YES;
				ASSETCATALOG_COMPILER_APPICON_NAME = AppIcon;
				CODE_SIGN_ENTITLEMENTS = OhMyBoxSellersIos/OhMyBoxSellersIos.entitlements;
				CODE_SIGN_IDENTITY = "iPhone Developer";
				"CODE_SIGN_IDENTITY[sdk=iphoneos*]" = "iPhone Developer";
				DEBUG_INFORMATION_FORMAT = "dwarf-with-dsym";
				DEVELOPMENT_TEAM = BEVC4JDNZX;
				FRAMEWORK_SEARCH_PATHS = (
					"$(inherited)",
					"$(PROJECT_DIR)/OhMyBoxSellersIos/Vendor",
				);
				INFOPLIST_FILE = OhMyBoxSellersIos/Info.plist;
				LD_RUNPATH_SEARCH_PATHS = "$(inherited) @executable_path/Frameworks";
				OTHER_SWIFT_FLAGS = "$(inherited) -DDEVELOPMENT";
				PRODUCT_BUNDLE_IDENTIFIER = Lab262.OhMyBoxSellersIos;
				PRODUCT_NAME = "$(TARGET_NAME)";
				PROVISIONING_PROFILE = "";
				PROVISIONING_PROFILE_SPECIFIER = "";
				SWIFT_OBJC_BRIDGING_HEADER = "";
				SWIFT_VERSION = 3.0;
			};
			name = Debug;
		};
		A4F89B451DA809B100949A35 /* Release */ = {
			isa = XCBuildConfiguration;
			baseConfigurationReference = 8649FC11B60E4ADD22B76989 /* Pods-OhMyBoxSellersIos.release.xcconfig */;
			buildSettings = {
				ALWAYS_EMBED_SWIFT_STANDARD_LIBRARIES = YES;
				ASSETCATALOG_COMPILER_APPICON_NAME = AppIcon;
				CODE_SIGN_ENTITLEMENTS = OhMyBoxSellersIos/OhMyBoxSellersIos.entitlements;
				CODE_SIGN_IDENTITY = "iPhone Distribution";
				"CODE_SIGN_IDENTITY[sdk=iphoneos*]" = "iPhone Developer";
				DEVELOPMENT_TEAM = BEVC4JDNZX;
				FRAMEWORK_SEARCH_PATHS = (
					"$(inherited)",
					"$(PROJECT_DIR)/OhMyBoxSellersIos/Vendor",
				);
				INFOPLIST_FILE = OhMyBoxSellersIos/Info.plist;
				LD_RUNPATH_SEARCH_PATHS = "$(inherited) @executable_path/Frameworks";
				OTHER_SWIFT_FLAGS = "$(inherited) -DPRODUCTION";
				PRODUCT_BUNDLE_IDENTIFIER = Lab262.OhMyBoxSellersIos;
				PRODUCT_NAME = "$(TARGET_NAME)";
				PROVISIONING_PROFILE = "";
				PROVISIONING_PROFILE_SPECIFIER = "";
				SWIFT_OBJC_BRIDGING_HEADER = "";
				SWIFT_VERSION = 3.0;
			};
			name = Release;
		};
		A4F89B471DA809B100949A35 /* Debug */ = {
			isa = XCBuildConfiguration;
			baseConfigurationReference = 66A6951243DC0AB8AA5FFBAD /* Pods-OhMyBoxSellersIosTests.debug.xcconfig */;
			buildSettings = {
				ALWAYS_EMBED_SWIFT_STANDARD_LIBRARIES = YES;
				BUNDLE_LOADER = "$(TEST_HOST)";
				DEVELOPMENT_TEAM = B865ENT4P3;
				INFOPLIST_FILE = OhMyBoxSellersIosTests/Info.plist;
				LD_RUNPATH_SEARCH_PATHS = "$(inherited) @executable_path/Frameworks @loader_path/Frameworks";
				PRODUCT_BUNDLE_IDENTIFIER = Lab262.OhMyBoxSellersIosTests;
				PRODUCT_NAME = "$(TARGET_NAME)";
				SWIFT_VERSION = 3.0;
				TEST_HOST = "$(BUILT_PRODUCTS_DIR)/OhMyBoxSellersIos.app/OhMyBoxSellersIos";
			};
			name = Debug;
		};
		A4F89B481DA809B100949A35 /* Release */ = {
			isa = XCBuildConfiguration;
			baseConfigurationReference = 3F07268A3E6B9CC51F50285A /* Pods-OhMyBoxSellersIosTests.release.xcconfig */;
			buildSettings = {
				ALWAYS_EMBED_SWIFT_STANDARD_LIBRARIES = YES;
				BUNDLE_LOADER = "$(TEST_HOST)";
				DEVELOPMENT_TEAM = B865ENT4P3;
				INFOPLIST_FILE = OhMyBoxSellersIosTests/Info.plist;
				LD_RUNPATH_SEARCH_PATHS = "$(inherited) @executable_path/Frameworks @loader_path/Frameworks";
				PRODUCT_BUNDLE_IDENTIFIER = Lab262.OhMyBoxSellersIosTests;
				PRODUCT_NAME = "$(TARGET_NAME)";
				SWIFT_VERSION = 3.0;
				TEST_HOST = "$(BUILT_PRODUCTS_DIR)/OhMyBoxSellersIos.app/OhMyBoxSellersIos";
			};
			name = Release;
		};
/* End XCBuildConfiguration section */

/* Begin XCConfigurationList section */
		A4F89B211DA809B100949A35 /* Build configuration list for PBXProject "OhMyBoxSellersIos" */ = {
			isa = XCConfigurationList;
			buildConfigurations = (
				A4F89B411DA809B100949A35 /* Debug */,
				A4F89B421DA809B100949A35 /* Release */,
			);
			defaultConfigurationIsVisible = 0;
			defaultConfigurationName = Release;
		};
		A4F89B431DA809B100949A35 /* Build configuration list for PBXNativeTarget "OhMyBoxSellersIos" */ = {
			isa = XCConfigurationList;
			buildConfigurations = (
				A4F89B441DA809B100949A35 /* Debug */,
				A4F89B451DA809B100949A35 /* Release */,
			);
			defaultConfigurationIsVisible = 0;
			defaultConfigurationName = Release;
		};
		A4F89B461DA809B100949A35 /* Build configuration list for PBXNativeTarget "OhMyBoxSellersIosTests" */ = {
			isa = XCConfigurationList;
			buildConfigurations = (
				A4F89B471DA809B100949A35 /* Debug */,
				A4F89B481DA809B100949A35 /* Release */,
			);
			defaultConfigurationIsVisible = 0;
			defaultConfigurationName = Release;
		};
/* End XCConfigurationList section */
	};
	rootObject = A4F89B1E1DA809B100949A35 /* Project object */;
}
