PODS:
  - Alamofire (4.0.0)
  - Crashlytics (3.8.3):
    - Fabric (~> 1.6.3)
  - Fabric (1.6.11)
  - FalconFrameworkIOSSDK (0.1.6):
    - Alamofire (= 4.0)

DEPENDENCIES:
  - Crashlytics
  - Fabric
  - FalconFrameworkIOSSDK (from `https://gitlab.com/LAB262/FalconFrameworkIOSSDK.git`)

EXTERNAL SOURCES:
  FalconFrameworkIOSSDK:
    :git: https://gitlab.com/LAB262/FalconFrameworkIOSSDK.git

CHECKOUT OPTIONS:
  FalconFrameworkIOSSDK:
    :commit: 410ded3996693d4a5387a87776d1ce2d4dc70b71
    :git: https://gitlab.com/LAB262/FalconFrameworkIOSSDK.git

SPEC CHECKSUMS:
  Alamofire: fef59f00388f267e52d9b432aa5d93dc97190f14
  Crashlytics: 2b6dbe138a42395577cfa73dfa1aa7248cadf39e
  Fabric: 5911403591946b8228ab1c51d98f1d7137e863c6
  FalconFrameworkIOSSDK: 17830e1cef3c23ad02807958e95410424052d71f

PODFILE CHECKSUM: d6b71719fabd280bbf5de902843ccef8be7d1ecd

COCOAPODS: 1.1.1
